
Microsoft Visual Studio Solution File, Format Version 12.00
# Visual Studio Version 17
VisualStudioVersion = 17.9.34616.47
MinimumVisualStudioVersion = 10.0.40219.1
Project("{FAE04EC0-301F-11D3-BF4B-00C04F79EFBC}") = "SimpleInheritance", "SimpleInheritance\SimpleInheritance.csproj", "{81A20965-7395-4603-9346-8941C467E4D2}"
EndProject
Global
	GlobalSection(SolutionConfigurationPlatforms) = preSolution
		Debug|Any CPU = Debug|Any CPU
		Release|Any CPU = Release|Any CPU
	EndGlobalSection
	GlobalSection(ProjectConfigurationPlatforms) = postSolution
		{81A20965-7395-4603-9346-8941C467E4D2}.Debug|Any CPU.ActiveCfg = Debug|Any CPU
		{81A20965-7395-4603-9346-8941C467E4D2}.Debug|Any CPU.Build.0 = Debug|Any CPU
		{81A20965-7395-4603-9346-8941C467E4D2}.Release|Any CPU.ActiveCfg = Release|Any CPU
		{81A20965-7395-4603-9346-8941C467E4D2}.Release|Any CPU.Build.0 = Release|Any CPU
	EndGlobalSection
	GlobalSection(SolutionProperties) = preSolution
		HideSolutionNode = FALSE
	EndGlobalSection
	GlobalSection(ExtensibilityGlobals) = postSolution
		SolutionGuid = {1444D497-FCCC-4FB0-829F-58AE74EBFF19}
	EndGlobalSection
EndGlobal
